{
  "name": "guacamole-auth-jwt",
  "lockfileVersion": 3,
  "requires": true,
  "packages": {
    "": {
      "dependencies": {
        "@types/guacamole-common-js": "^1.3.2"
      }
    },
    "node_modules/@types/guacamole-common-js": {
      "version": "1.3.2",
      "resolved": "https://registry.npmmirror.com/@types/guacamole-common-js/-/guacamole-common-js-1.3.2.tgz",
      "integrity": "sha512-217AvsdGfuoqrXLWjrZOjO1CRzY0PNCG07NQf+cW6gYZhExCpjwDrpIbi5pFrmskPZB3T8n1CZLEoYW7rTERNQ=="
    }
  }
}
